
Microsoft Visual Studio Solution File, Format Version 12.00
# Visual Studio 15
VisualStudioVersion = 15.0.27130.2010
MinimumVisualStudioVersion = 10.0.40219.1
Project("{FAE04EC0-301F-11D3-BF4B-00C04F79EFBC}") = "CSKataTests", "CSKataTests\CSKataTests.csproj", "{D5026AFE-A65D-49DE-908A-70DAB24DCE62}"
EndProject
Project("{FAE04EC0-301F-11D3-BF4B-00C04F79EFBC}") = "CSKata", "CSKata\CSKata.csproj", "{B5E5675A-45AB-4014-B39A-3C3623CCBE4B}"
EndProject
Global
	GlobalSection(SolutionConfigurationPlatforms) = preSolution
		Debug|Any CPU = Debug|Any CPU
		Release|Any CPU = Release|Any CPU
	EndGlobalSection
	GlobalSection(ProjectConfigurationPlatforms) = postSolution
		{D5026AFE-A65D-49DE-908A-70DAB24DCE62}.Debug|Any CPU.ActiveCfg = Debug|Any CPU
		{D5026AFE-A65D-49DE-908A-70DAB24DCE62}.Debug|Any CPU.Build.0 = Debug|Any CPU
		{D5026AFE-A65D-49DE-908A-70DAB24DCE62}.Release|Any CPU.ActiveCfg = Release|Any CPU
		{D5026AFE-A65D-49DE-908A-70DAB24DCE62}.Release|Any CPU.Build.0 = Release|Any CPU
		{B5E5675A-45AB-4014-B39A-3C3623CCBE4B}.Debug|Any CPU.ActiveCfg = Debug|Any CPU
		{B5E5675A-45AB-4014-B39A-3C3623CCBE4B}.Debug|Any CPU.Build.0 = Debug|Any CPU
		{B5E5675A-45AB-4014-B39A-3C3623CCBE4B}.Release|Any CPU.ActiveCfg = Release|Any CPU
		{B5E5675A-45AB-4014-B39A-3C3623CCBE4B}.Release|Any CPU.Build.0 = Release|Any CPU
	EndGlobalSection
	GlobalSection(SolutionProperties) = preSolution
		HideSolutionNode = FALSE
	EndGlobalSection
	GlobalSection(ExtensibilityGlobals) = postSolution
		SolutionGuid = {7D52BD6C-3E46-42F9-AC23-DEF710683253}
	EndGlobalSection
EndGlobal
